
Microsoft Visual Studio Solution File, Format Version 12.00
# Visual Studio Version 17
VisualStudioVersion = 17.11.35222.181
MinimumVisualStudioVersion = 10.0.40219.1
Project("{FAE04EC0-301F-11D3-BF4B-00C04F79EFBC}") = "Weather.API", "Weather.API\Weather.API.csproj", "{83659C64-5807-4B1C-B669-14BE1488424A}"
EndProject
Project("{FAE04EC0-301F-11D3-BF4B-00C04F79EFBC}") = "Identity.API", "Identity.API\Identity.API.csproj", "{1D12596E-D52E-4C39-BB17-72615832DA54}"
EndProject
Project("{FAE04EC0-301F-11D3-BF4B-00C04F79EFBC}") = "APIGateway", "APIGateway\APIGateway.csproj", "{7D51EBBB-B129-40AB-B19C-2CDE250F326F}"
EndProject
Global
	GlobalSection(SolutionConfigurationPlatforms) = preSolution
		Debug|Any CPU = Debug|Any CPU
		Release|Any CPU = Release|Any CPU
	EndGlobalSection
	GlobalSection(ProjectConfigurationPlatforms) = postSolution
		{83659C64-5807-4B1C-B669-14BE1488424A}.Debug|Any CPU.ActiveCfg = Debug|Any CPU
		{83659C64-5807-4B1C-B669-14BE1488424A}.Debug|Any CPU.Build.0 = Debug|Any CPU
		{83659C64-5807-4B1C-B669-14BE1488424A}.Release|Any CPU.ActiveCfg = Release|Any CPU
		{83659C64-5807-4B1C-B669-14BE1488424A}.Release|Any CPU.Build.0 = Release|Any CPU
		{1D12596E-D52E-4C39-BB17-72615832DA54}.Debug|Any CPU.ActiveCfg = Debug|Any CPU
		{1D12596E-D52E-4C39-BB17-72615832DA54}.Debug|Any CPU.Build.0 = Debug|Any CPU
		{1D12596E-D52E-4C39-BB17-72615832DA54}.Release|Any CPU.ActiveCfg = Release|Any CPU
		{1D12596E-D52E-4C39-BB17-72615832DA54}.Release|Any CPU.Build.0 = Release|Any CPU
		{7D51EBBB-B129-40AB-B19C-2CDE250F326F}.Debug|Any CPU.ActiveCfg = Debug|Any CPU
		{7D51EBBB-B129-40AB-B19C-2CDE250F326F}.Debug|Any CPU.Build.0 = Debug|Any CPU
		{7D51EBBB-B129-40AB-B19C-2CDE250F326F}.Release|Any CPU.ActiveCfg = Release|Any CPU
		{7D51EBBB-B129-40AB-B19C-2CDE250F326F}.Release|Any CPU.Build.0 = Release|Any CPU
	EndGlobalSection
	GlobalSection(SolutionProperties) = preSolution
		HideSolutionNode = FALSE
	EndGlobalSection
	GlobalSection(ExtensibilityGlobals) = postSolution
		SolutionGuid = {62C8E414-9D4D-4869-A7B2-A27C033064BF}
	EndGlobalSection
EndGlobal
